
Microsoft Visual Studio Solution File, Format Version 12.00
# Visual Studio Version 17
VisualStudioVersion = 17.13.35825.156 d17.13
MinimumVisualStudioVersion = 10.0.40219.1
Project("{FAE04EC0-301F-11D3-BF4B-00C04F79EFBC}") = "MVCexsample", "MVCexsample.csproj", "{FEB03BC0-C60F-4F22-8713-6BBC70305951}"
EndProject
Global
	GlobalSection(SolutionConfigurationPlatforms) = preSolution
		Debug|Any CPU = Debug|Any CPU
		Release|Any CPU = Release|Any CPU
	EndGlobalSection
	GlobalSection(ProjectConfigurationPlatforms) = postSolution
		{FEB03BC0-C60F-4F22-8713-6BBC70305951}.Debug|Any CPU.ActiveCfg = Debug|Any CPU
		{FEB03BC0-C60F-4F22-8713-6BBC70305951}.Debug|Any CPU.Build.0 = Debug|Any CPU
		{FEB03BC0-C60F-4F22-8713-6BBC70305951}.Release|Any CPU.ActiveCfg = Release|Any CPU
		{FEB03BC0-C60F-4F22-8713-6BBC70305951}.Release|Any CPU.Build.0 = Release|Any CPU
	EndGlobalSection
	GlobalSection(SolutionProperties) = preSolution
		HideSolutionNode = FALSE
	EndGlobalSection
	GlobalSection(ExtensibilityGlobals) = postSolution
		SolutionGuid = {42C3E978-347D-443D-913C-4E3165C6398D}
	EndGlobalSection
EndGlobal
